<?xml version="1.0" encoding="utf-8"?>
<Project ToolsVersion="4.0" xmlns="http://schemas.microsoft.com/developer/msbuild/2003">
  <ItemGroup>
    <Filter Include="Source Files">
      <UniqueIdentifier>{4FC737F1-C7A5-4376-A066-2A32D752A2FF}</UniqueIdentifier>
      <Extensions>cpp;c;cc;cxx;c++;cppm;ixx;def;odl;idl;hpj;bat;asm;asmx</Extensions>
    </Filter>
    <Filter Include="Header Files">
      <UniqueIdentifier>{93995380-89BD-4b04-88EB-625FBE52EBFB}</UniqueIdentifier>
      <Extensions>h;hh;hpp;hxx;h++;hm;inl;inc;ipp;xsd</Extensions>
    </Filter>
    <Filter Include="Resource Files">
      <UniqueIdentifier>{67DA6AB6-F800-4c08-8B7A-83BB121AAD01}</UniqueIdentifier>
      <Extensions>rc;ico;cur;bmp;dlg;rc2;rct;bin;rgs;gif;jpg;jpeg;jpe;resx;tiff;tif;png;wav;mfcribbon-ms</Extensions>
    </Filter>
    <Filter Include="Header Files\avs">
      <UniqueIdentifier>{5f246e5b-bf29-4f31-a150-900e10c1539e}</UniqueIdentifier>
    </Filter>
  </ItemGroup>
  <ItemGroup>
    <ClCompile Include="SelectRangeEveryReversing.cpp">
      <Filter>Source Files</Filter>
    </ClCompile>
  </ItemGroup>
  <ItemGroup>
    <ClInclude Include="avs\avisynth.h">
      <Filter>Header Files\avs</Filter>
    </ClInclude>
    <ClInclude Include="avs\avisynth_c.h">
      <Filter>Header Files\avs</Filter>
    </ClInclude>
    <ClInclude Include="avs\avs\alignment.h">
      <Filter>Header Files\avs</Filter>
    </ClInclude>
    <ClInclude Include="avs\avs\capi.h">
      <Filter>Header Files\avs</Filter>
    </ClInclude>
    <ClInclude Include="avs\avs\config.h">
      <Filter>Header Files\avs</Filter>
    </ClInclude>
    <ClInclude Include="avs\avs\cpuid.h">
      <Filter>Header Files\avs</Filter>
    </ClInclude>
    <ClInclude Include="avs\avs\minmax.h">
      <Filter>Header Files\avs</Filter>
    </ClInclude>
    <ClInclude Include="avs\avs\posix.h">
      <Filter>Header Files\avs</Filter>
    </ClInclude>
    <ClInclude Include="avs\avs\types.h">
      <Filter>Header Files\avs</Filter>
    </ClInclude>
    <ClInclude Include="avs\avs\win.h">
      <Filter>Header Files\avs</Filter>
    </ClInclude>
  </ItemGroup>
</Project>